
Microsoft Visual Studio Solution File, Format Version 12.00
# Visual Studio Version 16
VisualStudioVersion = 16.0.30717.126
MinimumVisualStudioVersion = 10.0.40219.1
Project("{FAE04EC0-301F-11D3-BF4B-00C04F79EFBC}") = "EventPlanner", "EventPlanner\EventPlanner.csproj", "{725AA853-3396-4D3E-8E3C-49AAF64635CA}"
EndProject
Global
	GlobalSection(SolutionConfigurationPlatforms) = preSolution
		Debug|Any CPU = Debug|Any CPU
		Release|Any CPU = Release|Any CPU
	EndGlobalSection
	GlobalSection(ProjectConfigurationPlatforms) = postSolution
		{725AA853-3396-4D3E-8E3C-49AAF64635CA}.Debug|Any CPU.ActiveCfg = Debug|Any CPU
		{725AA853-3396-4D3E-8E3C-49AAF64635CA}.Debug|Any CPU.Build.0 = Debug|Any CPU
		{725AA853-3396-4D3E-8E3C-49AAF64635CA}.Release|Any CPU.ActiveCfg = Release|Any CPU
		{725AA853-3396-4D3E-8E3C-49AAF64635CA}.Release|Any CPU.Build.0 = Release|Any CPU
	EndGlobalSection
	GlobalSection(SolutionProperties) = preSolution
		HideSolutionNode = FALSE
	EndGlobalSection
	GlobalSection(ExtensibilityGlobals) = postSolution
		SolutionGuid = {8B02626C-EC69-4468-A5B9-3334678051D5}
	EndGlobalSection
EndGlobal
